<Solution>
  <Project Path="RaizesDoNordeste.API/RaizesDoNordeste.API.csproj" />
  <Project Path="RaizesDoNordeste.Application/RaizesDoNordeste.App.csproj" />
  <Project Path="RaizesDoNordeste.Domain/RaizesDoNordeste.Domain.csproj" />
  <Project Path="RaizesDoNordeste.Infra/RaizesDoNordeste.Infra.csproj" />
</Solution>
